
Microsoft Visual Studio Solution File, Format Version 12.00
# Visual Studio Version 17
VisualStudioVersion = 17.12.35707.178
MinimumVisualStudioVersion = 10.0.40219.1
Project("{FAE04EC0-301F-11D3-BF4B-00C04F79EFBC}") = "DiaryProject", "DiaryProject.csproj", "{8D9D83B6-1701-4AF3-9BF8-BAD42B583C12}"
EndProject
Project("{FAE04EC0-301F-11D3-BF4B-00C04F79EFBC}") = "UnitTesting_DiaryProject", "..\UnitTesting_DiaryProject\UnitTesting_DiaryProject.csproj", "{C2CBFAC4-1CBD-46BD-A273-CC5C9709D218}"
EndProject
Global
	GlobalSection(SolutionConfigurationPlatforms) = preSolution
		Debug|Any CPU = Debug|Any CPU
		Release|Any CPU = Release|Any CPU
	EndGlobalSection
	GlobalSection(ProjectConfigurationPlatforms) = postSolution
		{8D9D83B6-1701-4AF3-9BF8-BAD42B583C12}.Debug|Any CPU.ActiveCfg = Debug|Any CPU
		{8D9D83B6-1701-4AF3-9BF8-BAD42B583C12}.Debug|Any CPU.Build.0 = Debug|Any CPU
		{8D9D83B6-1701-4AF3-9BF8-BAD42B583C12}.Release|Any CPU.ActiveCfg = Release|Any CPU
		{8D9D83B6-1701-4AF3-9BF8-BAD42B583C12}.Release|Any CPU.Build.0 = Release|Any CPU
		{C2CBFAC4-1CBD-46BD-A273-CC5C9709D218}.Debug|Any CPU.ActiveCfg = Debug|Any CPU
		{C2CBFAC4-1CBD-46BD-A273-CC5C9709D218}.Debug|Any CPU.Build.0 = Debug|Any CPU
		{C2CBFAC4-1CBD-46BD-A273-CC5C9709D218}.Release|Any CPU.ActiveCfg = Release|Any CPU
		{C2CBFAC4-1CBD-46BD-A273-CC5C9709D218}.Release|Any CPU.Build.0 = Release|Any CPU
	EndGlobalSection
	GlobalSection(SolutionProperties) = preSolution
		HideSolutionNode = FALSE
	EndGlobalSection
EndGlobal
